
Microsoft Visual Studio Solution File, Format Version 12.00
# Visual Studio Version 17
VisualStudioVersion = 17.0.32112.339
MinimumVisualStudioVersion = 10.0.40219.1
Project("{8BC9CEB8-8B4A-11D0-8D11-00A0C91BC942}") = "Sandbox", "Sandbox\Sandbox.vcxproj", "{1DEAF455-C4F9-43FC-8F33-2816740E164D}"
EndProject
Project("{8BC9CEB8-8B4A-11D0-8D11-00A0C91BC942}") = "SapFire", "SapFire\Sapphire.vcxproj", "{A973FDFB-2F65-4072-9CA3-370F2B6A9981}"
EndProject
Global
	GlobalSection(SolutionConfigurationPlatforms) = preSolution
		Debug|x64 = Debug|x64
		Release|x64 = Release|x64
	EndGlobalSection
	GlobalSection(ProjectConfigurationPlatforms) = postSolution
		{1DEAF455-C4F9-43FC-8F33-2816740E164D}.Debug|x64.ActiveCfg = Debug|x64
		{1DEAF455-C4F9-43FC-8F33-2816740E164D}.Debug|x64.Build.0 = Debug|x64
		{1DEAF455-C4F9-43FC-8F33-2816740E164D}.Release|x64.ActiveCfg = Release|x64
		{1DEAF455-C4F9-43FC-8F33-2816740E164D}.Release|x64.Build.0 = Release|x64
		{A973FDFB-2F65-4072-9CA3-370F2B6A9981}.Debug|x64.ActiveCfg = Debug|x64
		{A973FDFB-2F65-4072-9CA3-370F2B6A9981}.Debug|x64.Build.0 = Debug|x64
		{A973FDFB-2F65-4072-9CA3-370F2B6A9981}.Release|x64.ActiveCfg = Release|x64
		{A973FDFB-2F65-4072-9CA3-370F2B6A9981}.Release|x64.Build.0 = Release|x64
	EndGlobalSection
	GlobalSection(SolutionProperties) = preSolution
		HideSolutionNode = FALSE
	EndGlobalSection
	GlobalSection(ExtensibilityGlobals) = postSolution
		SolutionGuid = {3537F86B-B706-4450-A22D-B424E0C88A2A}
	EndGlobalSection
EndGlobal
